
Microsoft Visual Studio Solution File, Format Version 12.00
# Visual Studio Version 17
VisualStudioVersion = 17.1.32328.378
MinimumVisualStudioVersion = 10.0.40219.1
Project("{FAE04EC0-301F-11D3-BF4B-00C04F79EFBC}") = "RiggedHandVisualizer", "RiggedHandVisualizer.csproj", "{B2691C06-AE5E-4E30-8DE8-EA60D44D4729}"
EndProject
Global
	GlobalSection(SolutionConfigurationPlatforms) = preSolution
		Debug|ARM64 = Debug|ARM64
		Debug|x64 = Debug|x64
		Release|ARM64 = Release|ARM64
		Release|x64 = Release|x64
	EndGlobalSection
	GlobalSection(ProjectConfigurationPlatforms) = postSolution
		{B2691C06-AE5E-4E30-8DE8-EA60D44D4729}.Debug|ARM64.ActiveCfg = Debug|ARM64
		{B2691C06-AE5E-4E30-8DE8-EA60D44D4729}.Debug|ARM64.Build.0 = Debug|ARM64
		{B2691C06-AE5E-4E30-8DE8-EA60D44D4729}.Debug|ARM64.Deploy.0 = Debug|ARM64
		{B2691C06-AE5E-4E30-8DE8-EA60D44D4729}.Debug|x64.ActiveCfg = Debug|x64
		{B2691C06-AE5E-4E30-8DE8-EA60D44D4729}.Debug|x64.Build.0 = Debug|x64
		{B2691C06-AE5E-4E30-8DE8-EA60D44D4729}.Debug|x64.Deploy.0 = Debug|x64
		{B2691C06-AE5E-4E30-8DE8-EA60D44D4729}.Release|ARM64.ActiveCfg = Release|ARM64
		{B2691C06-AE5E-4E30-8DE8-EA60D44D4729}.Release|ARM64.Build.0 = Release|ARM64
		{B2691C06-AE5E-4E30-8DE8-EA60D44D4729}.Release|ARM64.Deploy.0 = Release|ARM64
		{B2691C06-AE5E-4E30-8DE8-EA60D44D4729}.Release|x64.ActiveCfg = Release|x64
		{B2691C06-AE5E-4E30-8DE8-EA60D44D4729}.Release|x64.Build.0 = Release|x64
		{B2691C06-AE5E-4E30-8DE8-EA60D44D4729}.Release|x64.Deploy.0 = Release|x64
	EndGlobalSection
	GlobalSection(SolutionProperties) = preSolution
		HideSolutionNode = FALSE
	EndGlobalSection
	GlobalSection(ExtensibilityGlobals) = postSolution
		SolutionGuid = {97D6369F-CDB2-43A0-8398-D58E463718D0}
	EndGlobalSection
EndGlobal
